
Microsoft Visual Studio Solution File, Format Version 12.00
# Visual Studio 15
VisualStudioVersion = 15.0.27004.2006
MinimumVisualStudioVersion = 10.0.40219.1
Project("{FAE04EC0-301F-11D3-BF4B-00C04F79EFBC}") = "SMR", "SMR\SMR.csproj", "{02247826-14BF-4284-8C20-01085F004168}"
EndProject
Global
	GlobalSection(SolutionConfigurationPlatforms) = preSolution
		Debug|ARM = Debug|ARM
		Debug|x64 = Debug|x64
		Debug|x86 = Debug|x86
		Release|ARM = Release|ARM
		Release|x64 = Release|x64
		Release|x86 = Release|x86
	EndGlobalSection
	GlobalSection(ProjectConfigurationPlatforms) = postSolution
		{02247826-14BF-4284-8C20-01085F004168}.Debug|ARM.ActiveCfg = Debug|ARM
		{02247826-14BF-4284-8C20-01085F004168}.Debug|ARM.Build.0 = Debug|ARM
		{02247826-14BF-4284-8C20-01085F004168}.Debug|ARM.Deploy.0 = Debug|ARM
		{02247826-14BF-4284-8C20-01085F004168}.Debug|x64.ActiveCfg = Debug|x64
		{02247826-14BF-4284-8C20-01085F004168}.Debug|x64.Build.0 = Debug|x64
		{02247826-14BF-4284-8C20-01085F004168}.Debug|x64.Deploy.0 = Debug|x64
		{02247826-14BF-4284-8C20-01085F004168}.Debug|x86.ActiveCfg = Debug|x86
		{02247826-14BF-4284-8C20-01085F004168}.Debug|x86.Build.0 = Debug|x86
		{02247826-14BF-4284-8C20-01085F004168}.Debug|x86.Deploy.0 = Debug|x86
		{02247826-14BF-4284-8C20-01085F004168}.Release|ARM.ActiveCfg = Release|ARM
		{02247826-14BF-4284-8C20-01085F004168}.Release|ARM.Build.0 = Release|ARM
		{02247826-14BF-4284-8C20-01085F004168}.Release|ARM.Deploy.0 = Release|ARM
		{02247826-14BF-4284-8C20-01085F004168}.Release|x64.ActiveCfg = Release|x64
		{02247826-14BF-4284-8C20-01085F004168}.Release|x64.Build.0 = Release|x64
		{02247826-14BF-4284-8C20-01085F004168}.Release|x64.Deploy.0 = Release|x64
		{02247826-14BF-4284-8C20-01085F004168}.Release|x86.ActiveCfg = Release|x86
		{02247826-14BF-4284-8C20-01085F004168}.Release|x86.Build.0 = Release|x86
		{02247826-14BF-4284-8C20-01085F004168}.Release|x86.Deploy.0 = Release|x86
	EndGlobalSection
	GlobalSection(SolutionProperties) = preSolution
		HideSolutionNode = FALSE
	EndGlobalSection
	GlobalSection(ExtensibilityGlobals) = postSolution
		SolutionGuid = {584EFCA2-6547-4C11-949B-CA4A9C516DED}
	EndGlobalSection
EndGlobal
